
Microsoft Visual Studio Solution File, Format Version 12.00
# Visual Studio Version 16
VisualStudioVersion = 16.0.31729.503
MinimumVisualStudioVersion = 10.0.40219.1
Project("{FAE04EC0-301F-11D3-BF4B-00C04F79EFBC}") = "ProjectTrial", "ProjectTrial\ProjectTrial.csproj", "{2264CB0F-025D-4267-B871-CD64857C905E}"
EndProject
Global
	GlobalSection(SolutionConfigurationPlatforms) = preSolution
		Debug|Any CPU = Debug|Any CPU
		Release|Any CPU = Release|Any CPU
	EndGlobalSection
	GlobalSection(ProjectConfigurationPlatforms) = postSolution
		{2264CB0F-025D-4267-B871-CD64857C905E}.Debug|Any CPU.ActiveCfg = Debug|Any CPU
		{2264CB0F-025D-4267-B871-CD64857C905E}.Debug|Any CPU.Build.0 = Debug|Any CPU
		{2264CB0F-025D-4267-B871-CD64857C905E}.Release|Any CPU.ActiveCfg = Release|Any CPU
		{2264CB0F-025D-4267-B871-CD64857C905E}.Release|Any CPU.Build.0 = Release|Any CPU
	EndGlobalSection
	GlobalSection(SolutionProperties) = preSolution
		HideSolutionNode = FALSE
	EndGlobalSection
	GlobalSection(ExtensibilityGlobals) = postSolution
		SolutionGuid = {FE505B78-69BD-45CB-9B67-BCFB7F470147}
	EndGlobalSection
EndGlobal
